
Microsoft Visual Studio Solution File, Format Version 12.00
# Visual Studio Version 17
VisualStudioVersion = 17.4.33103.184
MinimumVisualStudioVersion = 10.0.40219.1
Project("{2150E333-8FDC-42A3-9474-1A3956D46DE8}") = "src", "src", "{5EE152A7-4E24-4BB8-8273-AAC5501F18EA}"
EndProject
Project("{2150E333-8FDC-42A3-9474-1A3956D46DE8}") = "test", "test", "{26823017-CE6A-413A-BAE8-B5012F8CBB21}"
EndProject
Project("{2150E333-8FDC-42A3-9474-1A3956D46DE8}") = "samples", "samples", "{4AD3861D-0909-4D37-9CBB-D0651856EBED}"
EndProject
Project("{9A19103F-16F7-4668-BE54-9A1E7A4F7556}") = "Elmah.Io.AspNetCore.Serilog", "src\Elmah.Io.AspNetCore.Serilog\Elmah.Io.AspNetCore.Serilog.csproj", "{31D4E0EB-70DE-43F3-A8EA-085D3A47307B}"
EndProject
Project("{9A19103F-16F7-4668-BE54-9A1E7A4F7556}") = "Elmah.Io.AspNetCore.Serilog.Test", "test\Elmah.Io.AspNetCore.Serilog.Test\Elmah.Io.AspNetCore.Serilog.Test.csproj", "{0B0355D0-D863-43C6-B796-C025D6B6B429}"
EndProject
Project("{9A19103F-16F7-4668-BE54-9A1E7A4F7556}") = "Elmah.Io.AspNetCore.Serilog.AspNetCore60", "samples\Elmah.Io.AspNetCore.Serilog.AspNetCore60\Elmah.Io.AspNetCore.Serilog.AspNetCore60.csproj", "{2A7B715B-929A-4B88-B059-5BAED3854401}"
EndProject
Project("{FAE04EC0-301F-11D3-BF4B-00C04F79EFBC}") = "Elmah.Io.AspNetCore.Serilog.AspNetCore80", "samples\Elmah.Io.AspNetCore.Serilog.AspNetCore80\Elmah.Io.AspNetCore.Serilog.AspNetCore80.csproj", "{DD5C11B2-0F37-497A-A146-A6858E8B50ED}"
EndProject
Project("{2150E333-8FDC-42A3-9474-1A3956D46DE8}") = "Solution Items", "Solution Items", "{6B819D24-664B-42F4-9509-F945EEABD97B}"
	ProjectSection(SolutionItems) = preProject
		.github\workflows\build.yml = .github\workflows\build.yml
	EndProjectSection
EndProject
Global
	GlobalSection(SolutionConfigurationPlatforms) = preSolution
		Debug|Any CPU = Debug|Any CPU
		Release|Any CPU = Release|Any CPU
	EndGlobalSection
	GlobalSection(ProjectConfigurationPlatforms) = postSolution
		{31D4E0EB-70DE-43F3-A8EA-085D3A47307B}.Debug|Any CPU.ActiveCfg = Debug|Any CPU
		{31D4E0EB-70DE-43F3-A8EA-085D3A47307B}.Debug|Any CPU.Build.0 = Debug|Any CPU
		{31D4E0EB-70DE-43F3-A8EA-085D3A47307B}.Release|Any CPU.ActiveCfg = Release|Any CPU
		{31D4E0EB-70DE-43F3-A8EA-085D3A47307B}.Release|Any CPU.Build.0 = Release|Any CPU
		{0B0355D0-D863-43C6-B796-C025D6B6B429}.Debug|Any CPU.ActiveCfg = Debug|Any CPU
		{0B0355D0-D863-43C6-B796-C025D6B6B429}.Debug|Any CPU.Build.0 = Debug|Any CPU
		{0B0355D0-D863-43C6-B796-C025D6B6B429}.Release|Any CPU.ActiveCfg = Release|Any CPU
		{0B0355D0-D863-43C6-B796-C025D6B6B429}.Release|Any CPU.Build.0 = Release|Any CPU
		{2A7B715B-929A-4B88-B059-5BAED3854401}.Debug|Any CPU.ActiveCfg = Debug|Any CPU
		{2A7B715B-929A-4B88-B059-5BAED3854401}.Debug|Any CPU.Build.0 = Debug|Any CPU
		{2A7B715B-929A-4B88-B059-5BAED3854401}.Release|Any CPU.ActiveCfg = Release|Any CPU
		{2A7B715B-929A-4B88-B059-5BAED3854401}.Release|Any CPU.Build.0 = Release|Any CPU
		{DD5C11B2-0F37-497A-A146-A6858E8B50ED}.Debug|Any CPU.ActiveCfg = Debug|Any CPU
		{DD5C11B2-0F37-497A-A146-A6858E8B50ED}.Debug|Any CPU.Build.0 = Debug|Any CPU
		{DD5C11B2-0F37-497A-A146-A6858E8B50ED}.Release|Any CPU.ActiveCfg = Release|Any CPU
		{DD5C11B2-0F37-497A-A146-A6858E8B50ED}.Release|Any CPU.Build.0 = Release|Any CPU
	EndGlobalSection
	GlobalSection(SolutionProperties) = preSolution
		HideSolutionNode = FALSE
	EndGlobalSection
	GlobalSection(NestedProjects) = preSolution
		{31D4E0EB-70DE-43F3-A8EA-085D3A47307B} = {5EE152A7-4E24-4BB8-8273-AAC5501F18EA}
		{0B0355D0-D863-43C6-B796-C025D6B6B429} = {26823017-CE6A-413A-BAE8-B5012F8CBB21}
		{2A7B715B-929A-4B88-B059-5BAED3854401} = {4AD3861D-0909-4D37-9CBB-D0651856EBED}
		{DD5C11B2-0F37-497A-A146-A6858E8B50ED} = {4AD3861D-0909-4D37-9CBB-D0651856EBED}
	EndGlobalSection
	GlobalSection(ExtensibilityGlobals) = postSolution
		SolutionGuid = {485F08F9-CFA1-4397-8377-C1395E574C2C}
	EndGlobalSection
EndGlobal
